
Microsoft Visual Studio Solution File, Format Version 12.00
# Visual Studio Version 16
VisualStudioVersion = 16.0.30413.136
MinimumVisualStudioVersion = 10.0.40219.1
Project("{FAE04EC0-301F-11D3-BF4B-00C04F79EFBC}") = "SympliSearch", "SympliSearch.csproj", "{19B957B3-FC4F-4585-8798-080418558E35}"
EndProject
Project("{FAE04EC0-301F-11D3-BF4B-00C04F79EFBC}") = "SympliSearch.BusinessLogic", "..\SympliSearch.BusinessLogic\SympliSearch.BusinessLogic.csproj", "{5DE0C684-50B0-4D08-9A4C-4D0C3E088EAC}"
EndProject
Project("{FAE04EC0-301F-11D3-BF4B-00C04F79EFBC}") = "SearchTest", "..\SearchTest\SearchTest.csproj", "{090E5519-0780-4B39-8447-3A79547387BB}"
EndProject
Global
	GlobalSection(SolutionConfigurationPlatforms) = preSolution
		Debug|Any CPU = Debug|Any CPU
		Release|Any CPU = Release|Any CPU
	EndGlobalSection
	GlobalSection(ProjectConfigurationPlatforms) = postSolution
		{19B957B3-FC4F-4585-8798-080418558E35}.Debug|Any CPU.ActiveCfg = Debug|Any CPU
		{19B957B3-FC4F-4585-8798-080418558E35}.Debug|Any CPU.Build.0 = Debug|Any CPU
		{19B957B3-FC4F-4585-8798-080418558E35}.Release|Any CPU.ActiveCfg = Release|Any CPU
		{19B957B3-FC4F-4585-8798-080418558E35}.Release|Any CPU.Build.0 = Release|Any CPU
		{5DE0C684-50B0-4D08-9A4C-4D0C3E088EAC}.Debug|Any CPU.ActiveCfg = Debug|Any CPU
		{5DE0C684-50B0-4D08-9A4C-4D0C3E088EAC}.Debug|Any CPU.Build.0 = Debug|Any CPU
		{5DE0C684-50B0-4D08-9A4C-4D0C3E088EAC}.Release|Any CPU.ActiveCfg = Release|Any CPU
		{5DE0C684-50B0-4D08-9A4C-4D0C3E088EAC}.Release|Any CPU.Build.0 = Release|Any CPU
		{090E5519-0780-4B39-8447-3A79547387BB}.Debug|Any CPU.ActiveCfg = Debug|Any CPU
		{090E5519-0780-4B39-8447-3A79547387BB}.Debug|Any CPU.Build.0 = Debug|Any CPU
		{090E5519-0780-4B39-8447-3A79547387BB}.Release|Any CPU.ActiveCfg = Release|Any CPU
		{090E5519-0780-4B39-8447-3A79547387BB}.Release|Any CPU.Build.0 = Release|Any CPU
	EndGlobalSection
	GlobalSection(SolutionProperties) = preSolution
		HideSolutionNode = FALSE
	EndGlobalSection
	GlobalSection(ExtensibilityGlobals) = postSolution
		SolutionGuid = {0CBF9EE6-0E9D-485A-85C6-039C4D915636}
	EndGlobalSection
EndGlobal
